
Microsoft Visual Studio Solution File, Format Version 12.00
# Visual Studio Version 17
VisualStudioVersion = 17.2.32505.173
MinimumVisualStudioVersion = 10.0.40219.1
Project("{8BC9CEB8-8B4A-11D0-8D11-00A0C91BC942}") = "Pursuer", "Pursuer\Pursuer.vcxproj", "{07CE920F-7ACF-4B07-A1AE-D78039777CB4}"
EndProject
Project("{8BC9CEB8-8B4A-11D0-8D11-00A0C91BC942}") = "imgui", "imgui\imgui.vcxproj", "{05525985-C110-44D6-A3BE-275262FDB18A}"
EndProject
Global
	GlobalSection(SolutionConfigurationPlatforms) = preSolution
		Debug|x64 = Debug|x64
		Profile|x64 = Profile|x64
		Release|x64 = Release|x64
	EndGlobalSection
	GlobalSection(ProjectConfigurationPlatforms) = postSolution
		{07CE920F-7ACF-4B07-A1AE-D78039777CB4}.Debug|x64.ActiveCfg = Debug|x64
		{07CE920F-7ACF-4B07-A1AE-D78039777CB4}.Debug|x64.Build.0 = Debug|x64
		{07CE920F-7ACF-4B07-A1AE-D78039777CB4}.Profile|x64.ActiveCfg = Debug|x64
		{07CE920F-7ACF-4B07-A1AE-D78039777CB4}.Profile|x64.Build.0 = Debug|x64
		{07CE920F-7ACF-4B07-A1AE-D78039777CB4}.Release|x64.ActiveCfg = Release|x64
		{07CE920F-7ACF-4B07-A1AE-D78039777CB4}.Release|x64.Build.0 = Release|x64
		{05525985-C110-44D6-A3BE-275262FDB18A}.Debug|x64.ActiveCfg = Debug|x64
		{05525985-C110-44D6-A3BE-275262FDB18A}.Debug|x64.Build.0 = Debug|x64
		{05525985-C110-44D6-A3BE-275262FDB18A}.Profile|x64.ActiveCfg = Debug|x64
		{05525985-C110-44D6-A3BE-275262FDB18A}.Profile|x64.Build.0 = Debug|x64
		{05525985-C110-44D6-A3BE-275262FDB18A}.Release|x64.ActiveCfg = Release|x64
		{05525985-C110-44D6-A3BE-275262FDB18A}.Release|x64.Build.0 = Release|x64
	EndGlobalSection
	GlobalSection(SolutionProperties) = preSolution
		HideSolutionNode = FALSE
	EndGlobalSection
	GlobalSection(ExtensibilityGlobals) = postSolution
		SolutionGuid = {6D6E339C-3E09-4244-9A9E-E6EC9B7497A5}
	EndGlobalSection
EndGlobal
