<?xml version="1.0" encoding="utf-8"?>
<Project ToolsVersion="4.0" xmlns="http://schemas.microsoft.com/developer/msbuild/2003">
  <ItemGroup>
    <FxCompile Include="Resources\shaders\FBXPS.hlsl">
      <Filter>Shader Files</Filter>
    </FxCompile>
    <FxCompile Include="Resources\shaders\FBXVS.hlsl">
      <Filter>Shader Files</Filter>
    </FxCompile>
    <FxCompile Include="Resources\shaders\OBJPixelShader.hlsl">
      <Filter>Shader Files</Filter>
    </FxCompile>
    <FxCompile Include="Resources\shaders\OBJVertexShader.hlsl">
      <Filter>Shader Files</Filter>
    </FxCompile>
    <FxCompile Include="Resources\shaders\ParticleGS.hlsl">
      <Filter>Shader Files</Filter>
    </FxCompile>
    <FxCompile Include="Resources\shaders\ParticlePS.hlsl">
      <Filter>Shader Files</Filter>
    </FxCompile>
    <FxCompile Include="Resources\shaders\ParticleVS.hlsl">
      <Filter>Shader Files</Filter>
    </FxCompile>
    <FxCompile Include="Resources\shaders\PostEffectTestVS.hlsl">
      <Filter>Shader Files</Filter>
    </FxCompile>
    <FxCompile Include="Resources\shaders\PostEffectTestPS.hlsl">
      <Filter>Shader Files</Filter>
    </FxCompile>
    <FxCompile Include="Resources\shaders\SpritePS.hlsl">
      <Filter>Shader Files</Filter>
    </FxCompile>
    <FxCompile Include="Resources\shaders\SpriteVS.hlsl">
      <Filter>Shader Files</Filter>
    </FxCompile>
  </ItemGroup>
  <ItemGroup>
    <ClCompile Include="audio\Audio.cpp">
      <Filter>Source Files</Filter>
    </ClCompile>
    <ClCompile Include="BaseArea.cpp">
      <Filter>Source Files</Filter>
    </ClCompile>
    <ClCompile Include="camera\Camera.cpp">
      <Filter>Source Files</Filter>
    </ClCompile>
    <ClCompile Include="Collision.cpp">
      <Filter>Source Files</Filter>
    </ClCompile>
    <ClCompile Include="CollisionManager.cpp">
      <Filter>Source Files</Filter>
    </ClCompile>
    <ClCompile Include="CollisionPrimitive.cpp">
      <Filter>Source Files</Filter>
    </ClCompile>
    <ClCompile Include="camera\DebugCamera.cpp">
      <Filter>Source Files</Filter>
    </ClCompile>
    <ClCompile Include="2d\DebugText.cpp">
      <Filter>Source Files</Filter>
    </ClCompile>
    <ClCompile Include="DeltaTime.cpp">
      <Filter>Source Files</Filter>
    </ClCompile>
    <ClCompile Include="base\DirectXCommon.cpp">
      <Filter>Source Files</Filter>
    </ClCompile>
    <ClCompile Include="Easing.cpp">
      <Filter>Source Files</Filter>
    </ClCompile>
    <ClCompile Include="EnemyHuman.cpp">
      <Filter>Source Files</Filter>
    </ClCompile>
    <ClCompile Include="3d\FBX3DModel.cpp">
      <Filter>Source Files</Filter>
    </ClCompile>
    <ClCompile Include="3d\FBXGeneration.cpp">
      <Filter>Source Files</Filter>
    </ClCompile>
    <ClCompile Include="FbxLoader\FbxLoader.cpp">
      <Filter>Source Files</Filter>
    </ClCompile>
    <ClCompile Include="scene\GameScene.cpp">
      <Filter>Source Files</Filter>
    </ClCompile>
    <ClCompile Include="input\Input.cpp">
      <Filter>Source Files</Filter>
    </ClCompile>
    <ClCompile Include="3d\LightGroup.cpp">
      <Filter>Source Files</Filter>
    </ClCompile>
    <ClCompile Include="main.cpp">
      <Filter>Source Files</Filter>
    </ClCompile>
    <ClCompile Include="Material.cpp">
      <Filter>Source Files</Filter>
    </ClCompile>
    <ClCompile Include="Mesh.cpp">
      <Filter>Source Files</Filter>
    </ClCompile>
    <ClCompile Include="MeshCollider.cpp">
      <Filter>Source Files</Filter>
    </ClCompile>
    <ClCompile Include="Model.cpp">
      <Filter>Source Files</Filter>
    </ClCompile>
    <ClCompile Include="Object3d.cpp">
      <Filter>Source Files</Filter>
    </ClCompile>
    <ClCompile Include="3d\ParticleManager.cpp">
      <Filter>Source Files</Filter>
    </ClCompile>
    <ClCompile Include="Player.cpp">
      <Filter>Source Files</Filter>
    </ClCompile>
    <ClCompile Include="PlayerPositionObject.cpp">
      <Filter>Source Files</Filter>
    </ClCompile>
    <ClCompile Include="2d\PostEffect.cpp">
      <Filter>Source Files</Filter>
    </ClCompile>
    <ClCompile Include="SphereCollider.cpp">
      <Filter>Source Files</Filter>
    </ClCompile>
    <ClCompile Include="2d\Sprite.cpp">
      <Filter>Source Files</Filter>
    </ClCompile>
    <ClCompile Include="TitleScreen.cpp">
      <Filter>Source Files</Filter>
    </ClCompile>
    <ClCompile Include="TouchableObject.cpp">
      <Filter>Source Files</Filter>
    </ClCompile>
    <ClCompile Include="Vector.cpp">
      <Filter>Source Files</Filter>
    </ClCompile>
    <ClCompile Include="base\WinApp.cpp">
      <Filter>Source Files</Filter>
    </ClCompile>
  </ItemGroup>
  <ItemGroup>
    <ClInclude Include="audio\Audio.h">
      <Filter>Header Files</Filter>
    </ClInclude>
    <ClInclude Include="BaseArea.h">
      <Filter>Header Files</Filter>
    </ClInclude>
    <ClInclude Include="BaseCollider.h">
      <Filter>Header Files</Filter>
    </ClInclude>
    <ClInclude Include="camera\Camera.h">
      <Filter>Header Files</Filter>
    </ClInclude>
    <ClInclude Include="3d\CircleShadow.h">
      <Filter>Header Files</Filter>
    </ClInclude>
    <ClInclude Include="Collision.h">
      <Filter>Header Files</Filter>
    </ClInclude>
    <ClInclude Include="CollisionAttribute.h">
      <Filter>Header Files</Filter>
    </ClInclude>
    <ClInclude Include="CollisionInfo.h">
      <Filter>Header Files</Filter>
    </ClInclude>
    <ClInclude Include="CollisionManager.h">
      <Filter>Header Files</Filter>
    </ClInclude>
    <ClInclude Include="CollisionPrimitive.h">
      <Filter>Header Files</Filter>
    </ClInclude>
    <ClInclude Include="CollisionTypes.h">
      <Filter>Header Files</Filter>
    </ClInclude>
    <ClInclude Include="camera\DebugCamera.h">
      <Filter>Header Files</Filter>
    </ClInclude>
    <ClInclude Include="2d\DebugText.h">
      <Filter>Header Files</Filter>
    </ClInclude>
    <ClInclude Include="DeltaTime.h">
      <Filter>Header Files</Filter>
    </ClInclude>
    <ClInclude Include="3d\DirectionalLight.h">
      <Filter>Header Files</Filter>
    </ClInclude>
    <ClInclude Include="base\DirectXCommon.h">
      <Filter>Header Files</Filter>
    </ClInclude>
    <ClInclude Include="Easing.h">
      <Filter>Header Files</Filter>
    </ClInclude>
    <ClInclude Include="EnemyHuman.h">
      <Filter>Header Files</Filter>
    </ClInclude>
    <ClInclude Include="3d\FBX3DModel.h">
      <Filter>Header Files</Filter>
    </ClInclude>
    <ClInclude Include="3d\FBXGeneration.h">
      <Filter>Header Files</Filter>
    </ClInclude>
    <ClInclude Include="FbxLoader\FbxLoader.h">
      <Filter>Header Files</Filter>
    </ClInclude>
    <ClInclude Include="scene\GameScene.h">
      <Filter>Header Files</Filter>
    </ClInclude>
    <ClInclude Include="input\Input.h">
      <Filter>Header Files</Filter>
    </ClInclude>
    <ClInclude Include="3d\LightGroup.h">
      <Filter>Header Files</Filter>
    </ClInclude>
    <ClInclude Include="Material.h">
      <Filter>Header Files</Filter>
    </ClInclude>
    <ClInclude Include="Mesh.h">
      <Filter>Header Files</Filter>
    </ClInclude>
    <ClInclude Include="MeshCollider.h">
      <Filter>Header Files</Filter>
    </ClInclude>
    <ClInclude Include="Model.h">
      <Filter>Header Files</Filter>
    </ClInclude>
    <ClInclude Include="Object3d.h">
      <Filter>Header Files</Filter>
    </ClInclude>
    <ClInclude Include="3d\ParticleManager.h">
      <Filter>Header Files</Filter>
    </ClInclude>
    <ClInclude Include="Player.h">
      <Filter>Header Files</Filter>
    </ClInclude>
    <ClInclude Include="PlayerPositionObject.h">
      <Filter>Header Files</Filter>
    </ClInclude>
    <ClInclude Include="3d\PointLight.h">
      <Filter>Header Files</Filter>
    </ClInclude>
    <ClInclude Include="2d\PostEffect.h">
      <Filter>Header Files</Filter>
    </ClInclude>
    <ClInclude Include="QueryCallback.h">
      <Filter>Header Files</Filter>
    </ClInclude>
    <ClInclude Include="RaycastHit.h">
      <Filter>Header Files</Filter>
    </ClInclude>
    <ClInclude Include="..\..\..\CG4\CG4_Start\DirectXGame\base\SafeDelete.h">
      <Filter>Header Files</Filter>
    </ClInclude>
    <ClInclude Include="SphereCollider.h">
      <Filter>Header Files</Filter>
    </ClInclude>
    <ClInclude Include="3d\SpotLight.h">
      <Filter>Header Files</Filter>
    </ClInclude>
    <ClInclude Include="2d\Sprite.h">
      <Filter>Header Files</Filter>
    </ClInclude>
    <ClInclude Include="TitleScreen.h">
      <Filter>Header Files</Filter>
    </ClInclude>
    <ClInclude Include="TouchableObject.h">
      <Filter>Header Files</Filter>
    </ClInclude>
    <ClInclude Include="Vector.h">
      <Filter>Header Files</Filter>
    </ClInclude>
    <ClInclude Include="base\WinApp.h">
      <Filter>Header Files</Filter>
    </ClInclude>
  </ItemGroup>
  <ItemGroup>
    <None Include="Resources\shaders\FBX.hlsli">
      <Filter>Shader Files</Filter>
    </None>
    <None Include="Resources\shaders\OBJShaderHeader.hlsli">
      <Filter>Shader Files</Filter>
    </None>
    <None Include="Resources\shaders\Particle.hlsli">
      <Filter>Shader Files</Filter>
    </None>
    <None Include="Resources\shaders\PostEffectTest.hlsli">
      <Filter>Shader Files</Filter>
    </None>
    <None Include="Resources\shaders\Sprite.hlsli">
      <Filter>Shader Files</Filter>
    </None>
  </ItemGroup>
  <ItemGroup>
    <Filter Include="Header Files">
      <UniqueIdentifier>{35e6c29f-e208-4924-ab9f-7e75af5d606e}</UniqueIdentifier>
    </Filter>
    <Filter Include="Source Files">
      <UniqueIdentifier>{73a40082-1adc-4a37-a334-0d49968ea608}</UniqueIdentifier>
    </Filter>
    <Filter Include="Shader Files">
      <UniqueIdentifier>{a0a7ea63-bfbf-46b7-b76f-33b692dde770}</UniqueIdentifier>
    </Filter>
  </ItemGroup>
</Project>